
Microsoft Visual Studio Solution File, Format Version 12.00
# Visual Studio 15
VisualStudioVersion = 15.0.27703.2000
MinimumVisualStudioVersion = 10.0.40219.1
Project("{FAE04EC0-301F-11D3-BF4B-00C04F79EFBC}") = "Demo", "Demo\Demo.csproj", "{205500A3-EBEF-41DE-B0FA-53CE5BE47DE8}"
EndProject
Project("{FAE04EC0-301F-11D3-BF4B-00C04F79EFBC}") = "Nice.VisioTool.Structs", "Nice.VisioTool.Structs\Nice.VisioTool.Structs.csproj", "{26EF1F2A-5F51-44FE-904B-847384FE1E96}"
EndProject
Project("{FAE04EC0-301F-11D3-BF4B-00C04F79EFBC}") = "Nice.VisioTool.Parser", "Nice.VisioTool.Parser\Nice.VisioTool.Parser.csproj", "{072B8847-27C7-4A4E-8534-51CBEF3B2CA7}"
EndProject
Global
	GlobalSection(SolutionConfigurationPlatforms) = preSolution
		Debug|Any CPU = Debug|Any CPU
		Release|Any CPU = Release|Any CPU
	EndGlobalSection
	GlobalSection(ProjectConfigurationPlatforms) = postSolution
		{205500A3-EBEF-41DE-B0FA-53CE5BE47DE8}.Debug|Any CPU.ActiveCfg = Debug|Any CPU
		{205500A3-EBEF-41DE-B0FA-53CE5BE47DE8}.Debug|Any CPU.Build.0 = Debug|Any CPU
		{205500A3-EBEF-41DE-B0FA-53CE5BE47DE8}.Release|Any CPU.ActiveCfg = Release|Any CPU
		{205500A3-EBEF-41DE-B0FA-53CE5BE47DE8}.Release|Any CPU.Build.0 = Release|Any CPU
		{26EF1F2A-5F51-44FE-904B-847384FE1E96}.Debug|Any CPU.ActiveCfg = Debug|Any CPU
		{26EF1F2A-5F51-44FE-904B-847384FE1E96}.Debug|Any CPU.Build.0 = Debug|Any CPU
		{26EF1F2A-5F51-44FE-904B-847384FE1E96}.Release|Any CPU.ActiveCfg = Release|Any CPU
		{26EF1F2A-5F51-44FE-904B-847384FE1E96}.Release|Any CPU.Build.0 = Release|Any CPU
		{072B8847-27C7-4A4E-8534-51CBEF3B2CA7}.Debug|Any CPU.ActiveCfg = Debug|Any CPU
		{072B8847-27C7-4A4E-8534-51CBEF3B2CA7}.Debug|Any CPU.Build.0 = Debug|Any CPU
		{072B8847-27C7-4A4E-8534-51CBEF3B2CA7}.Release|Any CPU.ActiveCfg = Release|Any CPU
		{072B8847-27C7-4A4E-8534-51CBEF3B2CA7}.Release|Any CPU.Build.0 = Release|Any CPU
	EndGlobalSection
	GlobalSection(SolutionProperties) = preSolution
		HideSolutionNode = FALSE
	EndGlobalSection
	GlobalSection(ExtensibilityGlobals) = postSolution
		SolutionGuid = {0B69A59D-1B1A-4821-951E-7DD23D5D421A}
	EndGlobalSection
EndGlobal
